Microsoft Visual Studio Solution File, Format Version 12.00
# Visual Studio Version 16
VisualStudioVersion = 16.0.0.0
MinimumVisualStudioVersion = 16.0.0.0
Project("{9A19103F-16F7-4668-BE54-9A1E7A4F7556}") = "Riduttore.Server", "Server\Riduttore.Server.csproj", "{88216CAA-C600-479F-B62A-7EFC7C00DCA2}"
EndProject
Project("{9A19103F-16F7-4668-BE54-9A1E7A4F7556}") = "Riduttore.Client", "Client\Riduttore.Client.csproj", "{87C72972-4AB4-4994-B0AE-A8C7414A39D8}"
EndProject
Project("{9A19103F-16F7-4668-BE54-9A1E7A4F7556}") = "Riduttore.Shared", "Shared\Riduttore.Shared.csproj", "{033A70EC-9B01-4890-BD76-325FD1AA1F3D}"
EndProject
Global
	GlobalSection(SolutionConfigurationPlatforms) = preSolution
		Debug|Any CPU = Debug|Any CPU
		Debug|x64 = Debug|x64
		Debug|x86 = Debug|x86
		Release|Any CPU = Release|Any CPU
		Release|x64 = Release|x64
		Release|x86 = Release|x86
	EndGlobalSection
	GlobalSection(ProjectConfigurationPlatforms) = postSolution
		{87C72972-4AB4-4994-B0AE-A8C7414A39D8}.Debug|Any CPU.ActiveCfg = Debug|Any CPU
		{87C72972-4AB4-4994-B0AE-A8C7414A39D8}.Debug|Any CPU.Build.0 = Debug|Any CPU
		{87C72972-4AB4-4994-B0AE-A8C7414A39D8}.Debug|x64.ActiveCfg = Debug|Any CPU
		{87C72972-4AB4-4994-B0AE-A8C7414A39D8}.Debug|x64.Build.0 = Debug|Any CPU
		{87C72972-4AB4-4994-B0AE-A8C7414A39D8}.Debug|x86.ActiveCfg = Debug|Any CPU
		{87C72972-4AB4-4994-B0AE-A8C7414A39D8}.Debug|x86.Build.0 = Debug|Any CPU
		{87C72972-4AB4-4994-B0AE-A8C7414A39D8}.Release|Any CPU.ActiveCfg = Release|Any CPU
		{87C72972-4AB4-4994-B0AE-A8C7414A39D8}.Release|Any CPU.Build.0 = Release|Any CPU
		{87C72972-4AB4-4994-B0AE-A8C7414A39D8}.Release|x64.ActiveCfg = Release|Any CPU
		{87C72972-4AB4-4994-B0AE-A8C7414A39D8}.Release|x64.Build.0 = Release|Any CPU
		{87C72972-4AB4-4994-B0AE-A8C7414A39D8}.Release|x86.ActiveCfg = Release|Any CPU
		{87C72972-4AB4-4994-B0AE-A8C7414A39D8}.Release|x86.Build.0 = Release|Any CPU
		{88216CAA-C600-479F-B62A-7EFC7C00DCA2}.Debug|Any CPU.ActiveCfg = Debug|Any CPU
		{88216CAA-C600-479F-B62A-7EFC7C00DCA2}.Debug|Any CPU.Build.0 = Debug|Any CPU
		{88216CAA-C600-479F-B62A-7EFC7C00DCA2}.Debug|x64.ActiveCfg = Debug|Any CPU
		{88216CAA-C600-479F-B62A-7EFC7C00DCA2}.Debug|x64.Build.0 = Debug|Any CPU
		{88216CAA-C600-479F-B62A-7EFC7C00DCA2}.Debug|x86.ActiveCfg = Debug|Any CPU
		{88216CAA-C600-479F-B62A-7EFC7C00DCA2}.Debug|x86.Build.0 = Debug|Any CPU
		{88216CAA-C600-479F-B62A-7EFC7C00DCA2}.Release|Any CPU.ActiveCfg = Release|Any CPU
		{88216CAA-C600-479F-B62A-7EFC7C00DCA2}.Release|Any CPU.Build.0 = Release|Any CPU
		{88216CAA-C600-479F-B62A-7EFC7C00DCA2}.Release|x64.ActiveCfg = Release|Any CPU
		{88216CAA-C600-479F-B62A-7EFC7C00DCA2}.Release|x64.Build.0 = Release|Any CPU
		{88216CAA-C600-479F-B62A-7EFC7C00DCA2}.Release|x86.ActiveCfg = Release|Any CPU
		{88216CAA-C600-479F-B62A-7EFC7C00DCA2}.Release|x86.Build.0 = Release|Any CPU
		{033A70EC-9B01-4890-BD76-325FD1AA1F3D}.Debug|Any CPU.ActiveCfg = Debug|Any CPU
		{033A70EC-9B01-4890-BD76-325FD1AA1F3D}.Debug|Any CPU.Build.0 = Debug|Any CPU
		{033A70EC-9B01-4890-BD76-325FD1AA1F3D}.Debug|x64.ActiveCfg = Debug|Any CPU
		{033A70EC-9B01-4890-BD76-325FD1AA1F3D}.Debug|x64.Build.0 = Debug|Any CPU
		{033A70EC-9B01-4890-BD76-325FD1AA1F3D}.Debug|x86.ActiveCfg = Debug|Any CPU
		{033A70EC-9B01-4890-BD76-325FD1AA1F3D}.Debug|x86.Build.0 = Debug|Any CPU
		{033A70EC-9B01-4890-BD76-325FD1AA1F3D}.Release|Any CPU.ActiveCfg = Release|Any CPU
		{033A70EC-9B01-4890-BD76-325FD1AA1F3D}.Release|Any CPU.Build.0 = Release|Any CPU
		{033A70EC-9B01-4890-BD76-325FD1AA1F3D}.Release|x64.ActiveCfg = Release|Any CPU
		{033A70EC-9B01-4890-BD76-325FD1AA1F3D}.Release|x64.Build.0 = Release|Any CPU
		{033A70EC-9B01-4890-BD76-325FD1AA1F3D}.Release|x86.ActiveCfg = Release|Any CPU
		{033A70EC-9B01-4890-BD76-325FD1AA1F3D}.Release|x86.Build.0 = Release|Any CPU
	EndGlobalSection
	GlobalSection(SolutionProperties) = preSolution
		HideSolutionNode = FALSE
	EndGlobalSection
	GlobalSection(ExtensibilityGlobals) = postSolution
		SolutionGuid = {1074DEFE-F0AF-4453-A2CF-CCF540BBBF40}
	EndGlobalSection
EndGlobal